// !$*UTF8*$!
{
	archiveVersion = 1;
	classes = {
	};
	objectVersion = 50;
	objects = {

/* Begin PBXBuildFile section */
		A841C281265BD33C00A71B30 /* AppDelegate.swift in Sources */ = {isa = PBXBuildFile; fileRef = A841C280265BD33C00A71B30 /* AppDelegate.swift */; };
		A841C283265BD33C00A71B30 /* SceneDelegate.swift in Sources */ = {isa = PBXBuildFile; fileRef = A841C282265BD33C00A71B30 /* SceneDelegate.swift */; };
		A841C285265BD33C00A71B30 /* ForecastController.swift in Sources */ = {isa = PBXBuildFile; fileRef = A841C284265BD33C00A71B30 /* ForecastController.swift */; };
		A841C288265BD33C00A71B30 /* WeatherForecast.storyboard in Resources */ = {isa = PBXBuildFile; fileRef = A841C286265BD33C00A71B30 /* WeatherForecast.storyboard */; };
		A841C28A265BD33E00A71B30 /* Assets.xcassets in Resources */ = {isa = PBXBuildFile; fileRef = A841C289265BD33E00A71B30 /* Assets.xcassets */; };
		A841C28D265BD33E00A71B30 /* LaunchScreen.storyboard in Resources */ = {isa = PBXBuildFile; fileRef = A841C28B265BD33E00A71B30 /* LaunchScreen.storyboard */; };
		A841C298265BD33F00A71B30 /* GoodWeatherTests.swift in Sources */ = {isa = PBXBuildFile; fileRef = A841C297265BD33F00A71B30 /* GoodWeatherTests.swift */; };
		A841C2A3265BD33F00A71B30 /* GoodWeatherUITests.swift in Sources */ = {isa = PBXBuildFile; fileRef = A841C2A2265BD33F00A71B30 /* GoodWeatherUITests.swift */; };
		A841C2B8265BD58C00A71B30 /* WeatherForecastDto.swift in Sources */ = {isa = PBXBuildFile; fileRef = A841C2B7265BD58C00A71B30 /* WeatherForecastDto.swift */; };
		A841C2BA265BD5D400A71B30 /* CityDto.swift in Sources */ = {isa = PBXBuildFile; fileRef = A841C2B9265BD5D400A71B30 /* CityDto.swift */; };
		A841C2BC265BD7A600A71B30 /* DayForecastDto.swift in Sources */ = {isa = PBXBuildFile; fileRef = A841C2BB265BD7A600A71B30 /* DayForecastDto.swift */; };
		A841C2BE265BD85C00A71B30 /* TemperaturaDto.swift in Sources */ = {isa = PBXBuildFile; fileRef = A841C2BD265BD85C00A71B30 /* TemperaturaDto.swift */; };
		A841C2C0265BD90500A71B30 /* WeatherDto.swift in Sources */ = {isa = PBXBuildFile; fileRef = A841C2BF265BD90500A71B30 /* WeatherDto.swift */; };
		A841C2C2265BDB7F00A71B30 /* DayForecast.swift in Sources */ = {isa = PBXBuildFile; fileRef = A841C2C1265BDB7F00A71B30 /* DayForecast.swift */; };
		A841C2C4265BDBD400A71B30 /* WeatherProvider.swift in Sources */ = {isa = PBXBuildFile; fileRef = A841C2C3265BDBD400A71B30 /* WeatherProvider.swift */; };
		A841C2C6265BDCCF00A71B30 /* WeatherForecast.swift in Sources */ = {isa = PBXBuildFile; fileRef = A841C2C5265BDCCF00A71B30 /* WeatherForecast.swift */; };
		A841C2C8265BDD4000A71B30 /* WeatherForecastProviderError.swift in Sources */ = {isa = PBXBuildFile; fileRef = A841C2C7265BDD4000A71B30 /* WeatherForecastProviderError.swift */; };
		A841C2CA265BDEBC00A71B30 /* URLSessionWeatherProvider.swift in Sources */ = {isa = PBXBuildFile; fileRef = A841C2C9265BDEBC00A71B30 /* URLSessionWeatherProvider.swift */; };
		A841C2CC265BF08800A71B30 /* DayForecastViewModel.swift in Sources */ = {isa = PBXBuildFile; fileRef = A841C2CB265BF08800A71B30 /* DayForecastViewModel.swift */; };
		A841C2CE265BF11300A71B30 /* WeatherForecastViewModel.swift in Sources */ = {isa = PBXBuildFile; fileRef = A841C2CD265BF11300A71B30 /* WeatherForecastViewModel.swift */; };
		A8E31397265CB99F000595BB /* FakeWeatherProvider.swift in Sources */ = {isa = PBXBuildFile; fileRef = A8E31396265CB99F000595BB /* FakeWeatherProvider.swift */; };
		A8E3139D265CD6B1000595BB /* GetWeatherService.swift in Sources */ = {isa = PBXBuildFile; fileRef = A8E3139C265CD6B1000595BB /* GetWeatherService.swift */; };
		A8E3139F265CD813000595BB /* GetWeatherUseCase.swift in Sources */ = {isa = PBXBuildFile; fileRef = A8E3139E265CD813000595BB /* GetWeatherUseCase.swift */; };
		A8E313A1265CF00B000595BB /* ApplicationFactory.swift in Sources */ = {isa = PBXBuildFile; fileRef = A8E313A0265CF00B000595BB /* ApplicationFactory.swift */; };
		A8E313A3265CFFD3000595BB /* ForecastDetailsViewController.swift in Sources */ = {isa = PBXBuildFile; fileRef = A8E313A2265CFFD3000595BB /* ForecastDetailsViewController.swift */; };
		A8E313A5265D0563000595BB /* DayForecastCell.swift in Sources */ = {isa = PBXBuildFile; fileRef = A8E313A4265D0563000595BB /* DayForecastCell.swift */; };
		A8E313A7265D0C25000595BB /* GetWeatherFailed.swift in Sources */ = {isa = PBXBuildFile; fileRef = A8E313A6265D0C25000595BB /* GetWeatherFailed.swift */; };
/* End PBXBuildFile section */

/* Begin PBXContainerItemProxy section */
		A841C294265BD33F00A71B30 /* PBXContainerItemProxy */ = {
			isa = PBXContainerItemProxy;
			containerPortal = A841C275265BD33C00A71B30 /* Project object */;
			proxyType = 1;
			remoteGlobalIDString = A841C27C265BD33C00A71B30;
			remoteInfo = GoodWeather;
		};
		A841C29F265BD33F00A71B30 /* PBXContainerItemProxy */ = {
			isa = PBXContainerItemProxy;
			containerPortal = A841C275265BD33C00A71B30 /* Project object */;
			proxyType = 1;
			remoteGlobalIDString = A841C27C265BD33C00A71B30;
			remoteInfo = GoodWeather;
		};
/* End PBXContainerItemProxy section */

/* Begin PBXFileReference section */
		A841C27D265BD33C00A71B30 /* GoodWeather.app */ = {isa = PBXFileReference; explicitFileType = wrapper.application; includeInIndex = 0; path = GoodWeather.app; sourceTree = BUILT_PRODUCTS_DIR; };
		A841C280265BD33C00A71B30 /* AppDelegate.swift */ = {isa = PBXFileReference; lastKnownFileType = sourcecode.swift; path = AppDelegate.swift; sourceTree = "<group>"; };
		A841C282265BD33C00A71B30 /* SceneDelegate.swift */ = {isa = PBXFileReference; lastKnownFileType = sourcecode.swift; path = SceneDelegate.swift; sourceTree = "<group>"; };
		A841C284265BD33C00A71B30 /* ForecastController.swift */ = {isa = PBXFileReference; lastKnownFileType = sourcecode.swift; path = ForecastController.swift; sourceTree = "<group>"; };
		A841C287265BD33C00A71B30 /* Base */ = {isa = PBXFileReference; lastKnownFileType = file.storyboard; name = Base; path = Base.lproj/WeatherForecast.storyboard; sourceTree = "<group>"; };
		A841C289265BD33E00A71B30 /* Assets.xcassets */ = {isa = PBXFileReference; lastKnownFileType = folder.assetcatalog; path = Assets.xcassets; sourceTree = "<group>"; };
		A841C28C265BD33E00A71B30 /* Base */ = {isa = PBXFileReference; lastKnownFileType = file.storyboard; name = Base; path = Base.lproj/LaunchScreen.storyboard; sourceTree = "<group>"; };
		A841C28E265BD33E00A71B30 /* Info.plist */ = {isa = PBXFileReference; lastKnownFileType = text.plist.xml; path = Info.plist; sourceTree = "<group>"; };
		A841C293265BD33F00A71B30 /* GoodWeatherTests.xctest */ = {isa = PBXFileReference; explicitFileType = wrapper.cfbundle; includeInIndex = 0; path = GoodWeatherTests.xctest; sourceTree = BUILT_PRODUCTS_DIR; };
		A841C297265BD33F00A71B30 /* GoodWeatherTests.swift */ = {isa = PBXFileReference; lastKnownFileType = sourcecode.swift; path = GoodWeatherTests.swift; sourceTree = "<group>"; };
		A841C299265BD33F00A71B30 /* Info.plist */ = {isa = PBXFileReference; lastKnownFileType = text.plist.xml; path = Info.plist; sourceTree = "<group>"; };
		A841C29E265BD33F00A71B30 /* GoodWeatherUITests.xctest */ = {isa = PBXFileReference; explicitFileType = wrapper.cfbundle; includeInIndex = 0; path = GoodWeatherUITests.xctest; sourceTree = BUILT_PRODUCTS_DIR; };
		A841C2A2265BD33F00A71B30 /* GoodWeatherUITests.swift */ = {isa = PBXFileReference; lastKnownFileType = sourcecode.swift; path = GoodWeatherUITests.swift; sourceTree = "<group>"; };
		A841C2A4265BD33F00A71B30 /* Info.plist */ = {isa = PBXFileReference; lastKnownFileType = text.plist.xml; path = Info.plist; sourceTree = "<group>"; };
		A841C2B7265BD58C00A71B30 /* WeatherForecastDto.swift */ = {isa = PBXFileReference; lastKnownFileType = sourcecode.swift; path = WeatherForecastDto.swift; sourceTree = "<group>"; };
		A841C2B9265BD5D400A71B30 /* CityDto.swift */ = {isa = PBXFileReference; lastKnownFileType = sourcecode.swift; path = CityDto.swift; sourceTree = "<group>"; };
		A841C2BB265BD7A600A71B30 /* DayForecastDto.swift */ = {isa = PBXFileReference; lastKnownFileType = sourcecode.swift; path = DayForecastDto.swift; sourceTree = "<group>"; };
		A841C2BD265BD85C00A71B30 /* TemperaturaDto.swift */ = {isa = PBXFileReference; lastKnownFileType = sourcecode.swift; path = TemperaturaDto.swift; sourceTree = "<group>"; };
		A841C2BF265BD90500A71B30 /* WeatherDto.swift */ = {isa = PBXFileReference; lastKnownFileType = sourcecode.swift; path = WeatherDto.swift; sourceTree = "<group>"; };
		A841C2C1265BDB7F00A71B30 /* DayForecast.swift */ = {isa = PBXFileReference; lastKnownFileType = sourcecode.swift; path = DayForecast.swift; sourceTree = "<group>"; };
		A841C2C3265BDBD400A71B30 /* WeatherProvider.swift */ = {isa = PBXFileReference; lastKnownFileType = sourcecode.swift; path = WeatherProvider.swift; sourceTree = "<group>"; };
		A841C2C5265BDCCF00A71B30 /* WeatherForecast.swift */ = {isa = PBXFileReference; lastKnownFileType = sourcecode.swift; path = WeatherForecast.swift; sourceTree = "<group>"; };
		A841C2C7265BDD4000A71B30 /* WeatherForecastProviderError.swift */ = {isa = PBXFileReference; lastKnownFileType = sourcecode.swift; path = WeatherForecastProviderError.swift; sourceTree = "<group>"; };
		A841C2C9265BDEBC00A71B30 /* URLSessionWeatherProvider.swift */ = {isa = PBXFileReference; lastKnownFileType = sourcecode.swift; path = URLSessionWeatherProvider.swift; sourceTree = "<group>"; };
		A841C2CB265BF08800A71B30 /* DayForecastViewModel.swift */ = {isa = PBXFileReference; lastKnownFileType = sourcecode.swift; path = DayForecastViewModel.swift; sourceTree = "<group>"; };
		A841C2CD265BF11300A71B30 /* WeatherForecastViewModel.swift */ = {isa = PBXFileReference; lastKnownFileType = sourcecode.swift; path = WeatherForecastViewModel.swift; sourceTree = "<group>"; };
		A8E31396265CB99F000595BB /* FakeWeatherProvider.swift */ = {isa = PBXFileReference; lastKnownFileType = sourcecode.swift; path = FakeWeatherProvider.swift; sourceTree = "<group>"; };
		A8E3139C265CD6B1000595BB /* GetWeatherService.swift */ = {isa = PBXFileReference; lastKnownFileType = sourcecode.swift; path = GetWeatherService.swift; sourceTree = "<group>"; };
		A8E3139E265CD813000595BB /* GetWeatherUseCase.swift */ = {isa = PBXFileReference; lastKnownFileType = sourcecode.swift; path = GetWeatherUseCase.swift; sourceTree = "<group>"; };
		A8E313A0265CF00B000595BB /* ApplicationFactory.swift */ = {isa = PBXFileReference; lastKnownFileType = sourcecode.swift; path = ApplicationFactory.swift; sourceTree = "<group>"; };
		A8E313A2265CFFD3000595BB /* ForecastDetailsViewController.swift */ = {isa = PBXFileReference; lastKnownFileType = sourcecode.swift; path = ForecastDetailsViewController.swift; sourceTree = "<group>"; };
		A8E313A4265D0563000595BB /* DayForecastCell.swift */ = {isa = PBXFileReference; lastKnownFileType = sourcecode.swift; path = DayForecastCell.swift; sourceTree = "<group>"; };
		A8E313A6265D0C25000595BB /* GetWeatherFailed.swift */ = {isa = PBXFileReference; lastKnownFileType = sourcecode.swift; path = GetWeatherFailed.swift; sourceTree = "<group>"; };
/* End PBXFileReference section */

/* Begin PBXFrameworksBuildPhase section */
		A841C27A265BD33C00A71B30 /* Frameworks */ = {
			isa = PBXFrameworksBuildPhase;
			buildActionMask = 2147483647;
			files = (
			);
			runOnlyForDeploymentPostprocessing = 0;
		};
		A841C290265BD33F00A71B30 /* Frameworks */ = {
			isa = PBXFrameworksBuildPhase;
			buildActionMask = 2147483647;
			files = (
			);
			runOnlyForDeploymentPostprocessing = 0;
		};
		A841C29B265BD33F00A71B30 /* Frameworks */ = {
			isa = PBXFrameworksBuildPhase;
			buildActionMask = 2147483647;
			files = (
			);
			runOnlyForDeploymentPostprocessing = 0;
		};
/* End PBXFrameworksBuildPhase section */

/* Begin PBXGroup section */
		A841C274265BD33C00A71B30 = {
			isa = PBXGroup;
			children = (
				A841C27F265BD33C00A71B30 /* GoodWeather */,
				A841C296265BD33F00A71B30 /* GoodWeatherTests */,
				A841C2A1265BD33F00A71B30 /* GoodWeatherUITests */,
				A841C27E265BD33C00A71B30 /* Products */,
			);
			sourceTree = "<group>";
		};
		A841C27E265BD33C00A71B30 /* Products */ = {
			isa = PBXGroup;
			children = (
				A841C27D265BD33C00A71B30 /* GoodWeather.app */,
				A841C293265BD33F00A71B30 /* GoodWeatherTests.xctest */,
				A841C29E265BD33F00A71B30 /* GoodWeatherUITests.xctest */,
			);
			name = Products;
			sourceTree = "<group>";
		};
		A841C27F265BD33C00A71B30 /* GoodWeather */ = {
			isa = PBXGroup;
			children = (
				A841C2B3265BD46100A71B30 /* WeatherForecast */,
				A841C280265BD33C00A71B30 /* AppDelegate.swift */,
				A841C282265BD33C00A71B30 /* SceneDelegate.swift */,
				A8E313A0265CF00B000595BB /* ApplicationFactory.swift */,
				A841C289265BD33E00A71B30 /* Assets.xcassets */,
				A841C28B265BD33E00A71B30 /* LaunchScreen.storyboard */,
				A841C28E265BD33E00A71B30 /* Info.plist */,
			);
			path = GoodWeather;
			sourceTree = "<group>";
		};
		A841C296265BD33F00A71B30 /* GoodWeatherTests */ = {
			isa = PBXGroup;
			children = (
				A841C297265BD33F00A71B30 /* GoodWeatherTests.swift */,
				A841C299265BD33F00A71B30 /* Info.plist */,
			);
			path = GoodWeatherTests;
			sourceTree = "<group>";
		};
		A841C2A1265BD33F00A71B30 /* GoodWeatherUITests */ = {
			isa = PBXGroup;
			children = (
				A841C2A2265BD33F00A71B30 /* GoodWeatherUITests.swift */,
				A841C2A4265BD33F00A71B30 /* Info.plist */,
			);
			path = GoodWeatherUITests;
			sourceTree = "<group>";
		};
		A841C2B0265BD3DE00A71B30 /* Views */ = {
			isa = PBXGroup;
			children = (
				A841C284265BD33C00A71B30 /* ForecastController.swift */,
				A8E313A2265CFFD3000595BB /* ForecastDetailsViewController.swift */,
				A8E313A4265D0563000595BB /* DayForecastCell.swift */,
				A841C286265BD33C00A71B30 /* WeatherForecast.storyboard */,
			);
			path = Views;
			sourceTree = "<group>";
		};
		A841C2B1265BD40500A71B30 /* ViewModels */ = {
			isa = PBXGroup;
			children = (
				A841C2CB265BF08800A71B30 /* DayForecastViewModel.swift */,
				A841C2CD265BF11300A71B30 /* WeatherForecastViewModel.swift */,
			);
			path = ViewModels;
			sourceTree = "<group>";
		};
		A841C2B2265BD42200A71B30 /* Models */ = {
			isa = PBXGroup;
			children = (
				A841C2C5265BDCCF00A71B30 /* WeatherForecast.swift */,
				A841C2C1265BDB7F00A71B30 /* DayForecast.swift */,
			);
			path = Models;
			sourceTree = "<group>";
		};
		A841C2B3265BD46100A71B30 /* WeatherForecast */ = {
			isa = PBXGroup;
			children = (
				A841C2B5265BD4E500A71B30 /* Ports */,
				A841C2B4265BD49200A71B30 /* Adapters */,
				A841C2B2265BD42200A71B30 /* Models */,
				A8E3139B265CD689000595BB /* UseCases */,
			);
			path = WeatherForecast;
			sourceTree = "<group>";
		};
		A841C2B4265BD49200A71B30 /* Adapters */ = {
			isa = PBXGroup;
			children = (
				A8E31398265CBC8C000595BB /* UserInterface */,
				A841C2B6265BD53100A71B30 /* Provider */,
			);
			path = Adapters;
			sourceTree = "<group>";
		};
		A841C2B5265BD4E500A71B30 /* Ports */ = {
			isa = PBXGroup;
			children = (
				A841C2C3265BDBD400A71B30 /* WeatherProvider.swift */,
				A841C2C7265BDD4000A71B30 /* WeatherForecastProviderError.swift */,
				A8E3139E265CD813000595BB /* GetWeatherUseCase.swift */,
				A8E313A6265D0C25000595BB /* GetWeatherFailed.swift */,
			);
			path = Ports;
			sourceTree = "<group>";
		};
		A841C2B6265BD53100A71B30 /* Provider */ = {
			isa = PBXGroup;
			children = (
				A841C2C9265BDEBC00A71B30 /* URLSessionWeatherProvider.swift */,
				A8E31396265CB99F000595BB /* FakeWeatherProvider.swift */,
				A841C2B7265BD58C00A71B30 /* WeatherForecastDto.swift */,
				A841C2B9265BD5D400A71B30 /* CityDto.swift */,
				A841C2BB265BD7A600A71B30 /* DayForecastDto.swift */,
				A841C2BD265BD85C00A71B30 /* TemperaturaDto.swift */,
				A841C2BF265BD90500A71B30 /* WeatherDto.swift */,
			);
			path = Provider;
			sourceTree = "<group>";
		};
		A8E31398265CBC8C000595BB /* UserInterface */ = {
			isa = PBXGroup;
			children = (
				A841C2B1265BD40500A71B30 /* ViewModels */,
				A841C2B0265BD3DE00A71B30 /* Views */,
			);
			path = UserInterface;
			sourceTree = "<group>";
		};
		A8E3139B265CD689000595BB /* UseCases */ = {
			isa = PBXGroup;
			children = (
				A8E3139C265CD6B1000595BB /* GetWeatherService.swift */,
			);
			path = UseCases;
			sourceTree = "<group>";
		};
/* End PBXGroup section */

/* Begin PBXNativeTarget section */
		A841C27C265BD33C00A71B30 /* GoodWeather */ = {
			isa = PBXNativeTarget;
			buildConfigurationList = A841C2A7265BD33F00A71B30 /* Build configuration list for PBXNativeTarget "GoodWeather" */;
			buildPhases = (
				A841C279265BD33C00A71B30 /* Sources */,
				A841C27A265BD33C00A71B30 /* Frameworks */,
				A841C27B265BD33C00A71B30 /* Resources */,
			);
			buildRules = (
			);
			dependencies = (
			);
			name = GoodWeather;
			productName = GoodWeather;
			productReference = A841C27D265BD33C00A71B30 /* GoodWeather.app */;
			productType = "com.apple.product-type.application";
		};
		A841C292265BD33F00A71B30 /* GoodWeatherTests */ = {
			isa = PBXNativeTarget;
			buildConfigurationList = A841C2AA265BD33F00A71B30 /* Build configuration list for PBXNativeTarget "GoodWeatherTests" */;
			buildPhases = (
				A841C28F265BD33F00A71B30 /* Sources */,
				A841C290265BD33F00A71B30 /* Frameworks */,
				A841C291265BD33F00A71B30 /* Resources */,
			);
			buildRules = (
			);
			dependencies = (
				A841C295265BD33F00A71B30 /* PBXTargetDependency */,
			);
			name = GoodWeatherTests;
			productName = GoodWeatherTests;
			productReference = A841C293265BD33F00A71B30 /* GoodWeatherTests.xctest */;
			productType = "com.apple.product-type.bundle.unit-test";
		};
		A841C29D265BD33F00A71B30 /* GoodWeatherUITests */ = {
			isa = PBXNativeTarget;
			buildConfigurationList = A841C2AD265BD33F00A71B30 /* Build configuration list for PBXNativeTarget "GoodWeatherUITests" */;
			buildPhases = (
				A841C29A265BD33F00A71B30 /* Sources */,
				A841C29B265BD33F00A71B30 /* Frameworks */,
				A841C29C265BD33F00A71B30 /* Resources */,
			);
			buildRules = (
			);
			dependencies = (
				A841C2A0265BD33F00A71B30 /* PBXTargetDependency */,
			);
			name = GoodWeatherUITests;
			productName = GoodWeatherUITests;
			productReference = A841C29E265BD33F00A71B30 /* GoodWeatherUITests.xctest */;
			productType = "com.apple.product-type.bundle.ui-testing";
		};
/* End PBXNativeTarget section */

/* Begin PBXProject section */
		A841C275265BD33C00A71B30 /* Project object */ = {
			isa = PBXProject;
			attributes = {
				LastSwiftUpdateCheck = 1250;
				LastUpgradeCheck = 1250;
				TargetAttributes = {
					A841C27C265BD33C00A71B30 = {
						CreatedOnToolsVersion = 12.5;
					};
					A841C292265BD33F00A71B30 = {
						CreatedOnToolsVersion = 12.5;
						TestTargetID = A841C27C265BD33C00A71B30;
					};
					A841C29D265BD33F00A71B30 = {
						CreatedOnToolsVersion = 12.5;
						TestTargetID = A841C27C265BD33C00A71B30;
					};
				};
			};
			buildConfigurationList = A841C278265BD33C00A71B30 /* Build configuration list for PBXProject "GoodWeather" */;
			compatibilityVersion = "Xcode 9.3";
			developmentRegion = en;
			hasScannedForEncodings = 0;
			knownRegions = (
				en,
				Base,
			);
			mainGroup = A841C274265BD33C00A71B30;
			productRefGroup = A841C27E265BD33C00A71B30 /* Products */;
			projectDirPath = "";
			projectRoot = "";
			targets = (
				A841C27C265BD33C00A71B30 /* GoodWeather */,
				A841C292265BD33F00A71B30 /* GoodWeatherTests */,
				A841C29D265BD33F00A71B30 /* GoodWeatherUITests */,
			);
		};
/* End PBXProject section */

/* Begin PBXResourcesBuildPhase section */
		A841C27B265BD33C00A71B30 /* Resources */ = {
			isa = PBXResourcesBuildPhase;
			buildActionMask = 2147483647;
			files = (
				A841C28D265BD33E00A71B30 /* LaunchScreen.storyboard in Resources */,
				A841C28A265BD33E00A71B30 /* Assets.xcassets in Resources */,
				A841C288265BD33C00A71B30 /* WeatherForecast.storyboard in Resources */,
			);
			runOnlyForDeploymentPostprocessing = 0;
		};
		A841C291265BD33F00A71B30 /* Resources */ = {
			isa = PBXResourcesBuildPhase;
			buildActionMask = 2147483647;
			files = (
			);
			runOnlyForDeploymentPostprocessing = 0;
		};
		A841C29C265BD33F00A71B30 /* Resources */ = {
			isa = PBXResourcesBuildPhase;
			buildActionMask = 2147483647;
			files = (
			);
			runOnlyForDeploymentPostprocessing = 0;
		};
/* End PBXResourcesBuildPhase section */

/* Begin PBXSourcesBuildPhase section */
		A841C279265BD33C00A71B30 /* Sources */ = {
			isa = PBXSourcesBuildPhase;
			buildActionMask = 2147483647;
			files = (
				A841C2CA265BDEBC00A71B30 /* URLSessionWeatherProvider.swift in Sources */,
				A8E3139F265CD813000595BB /* GetWeatherUseCase.swift in Sources */,
				A8E313A3265CFFD3000595BB /* ForecastDetailsViewController.swift in Sources */,
				A841C285265BD33C00A71B30 /* ForecastController.swift in Sources */,
				A8E313A1265CF00B000595BB /* ApplicationFactory.swift in Sources */,
				A841C281265BD33C00A71B30 /* AppDelegate.swift in Sources */,
				A841C2C8265BDD4000A71B30 /* WeatherForecastProviderError.swift in Sources */,
				A841C2CC265BF08800A71B30 /* DayForecastViewModel.swift in Sources */,
				A841C2C0265BD90500A71B30 /* WeatherDto.swift in Sources */,
				A8E31397265CB99F000595BB /* FakeWeatherProvider.swift in Sources */,
				A841C2BE265BD85C00A71B30 /* TemperaturaDto.swift in Sources */,
				A841C2B8265BD58C00A71B30 /* WeatherForecastDto.swift in Sources */,
				A841C2C2265BDB7F00A71B30 /* DayForecast.swift in Sources */,
				A841C2CE265BF11300A71B30 /* WeatherForecastViewModel.swift in Sources */,
				A841C2BA265BD5D400A71B30 /* CityDto.swift in Sources */,
				A841C283265BD33C00A71B30 /* SceneDelegate.swift in Sources */,
				A841C2BC265BD7A600A71B30 /* DayForecastDto.swift in Sources */,
				A8E3139D265CD6B1000595BB /* GetWeatherService.swift in Sources */,
				A8E313A7265D0C25000595BB /* GetWeatherFailed.swift in Sources */,
				A841C2C6265BDCCF00A71B30 /* WeatherForecast.swift in Sources */,
				A841C2C4265BDBD400A71B30 /* WeatherProvider.swift in Sources */,
				A8E313A5265D0563000595BB /* DayForecastCell.swift in Sources */,
			);
			runOnlyForDeploymentPostprocessing = 0;
		};
		A841C28F265BD33F00A71B30 /* Sources */ = {
			isa = PBXSourcesBuildPhase;
			buildActionMask = 2147483647;
			files = (
				A841C298265BD33F00A71B30 /* GoodWeatherTests.swift in Sources */,
			);
			runOnlyForDeploymentPostprocessing = 0;
		};
		A841C29A265BD33F00A71B30 /* Sources */ = {
			isa = PBXSourcesBuildPhase;
			buildActionMask = 2147483647;
			files = (
				A841C2A3265BD33F00A71B30 /* GoodWeatherUITests.swift in Sources */,
			);
			runOnlyForDeploymentPostprocessing = 0;
		};
/* End PBXSourcesBuildPhase section */

/* Begin PBXTargetDependency section */
		A841C295265BD33F00A71B30 /* PBXTargetDependency */ = {
			isa = PBXTargetDependency;
			target = A841C27C265BD33C00A71B30 /* GoodWeather */;
			targetProxy = A841C294265BD33F00A71B30 /* PBXContainerItemProxy */;
		};
		A841C2A0265BD33F00A71B30 /* PBXTargetDependency */ = {
			isa = PBXTargetDependency;
			target = A841C27C265BD33C00A71B30 /* GoodWeather */;
			targetProxy = A841C29F265BD33F00A71B30 /* PBXContainerItemProxy */;
		};
/* End PBXTargetDependency section */

/* Begin PBXVariantGroup section */
		A841C286265BD33C00A71B30 /* WeatherForecast.storyboard */ = {
			isa = PBXVariantGroup;
			children = (
				A841C287265BD33C00A71B30 /* Base */,
			);
			name = WeatherForecast.storyboard;
			sourceTree = "<group>";
		};
		A841C28B265BD33E00A71B30 /* LaunchScreen.storyboard */ = {
			isa = PBXVariantGroup;
			children = (
				A841C28C265BD33E00A71B30 /* Base */,
			);
			name = LaunchScreen.storyboard;
			sourceTree = "<group>";
		};
/* End PBXVariantGroup section */

/* Begin XCBuildConfiguration section */
		A841C2A5265BD33F00A71B30 /* Debug */ = {
			isa = XCBuildConfiguration;
			buildSettings = {
				ALWAYS_SEARCH_USER_PATHS = NO;
				CLANG_ANALYZER_NONNULL = YES;
				CLANG_ANALYZER_NUMBER_OBJECT_CONVERSION = YES_AGGRESSIVE;
				CLANG_CXX_LANGUAGE_STANDARD = "gnu++14";
				CLANG_CXX_LIBRARY = "libc++";
				CLANG_ENABLE_MODULES = YES;
				CLANG_ENABLE_OBJC_ARC = YES;
				CLANG_ENABLE_OBJC_WEAK = YES;
				CLANG_WARN_BLOCK_CAPTURE_AUTORELEASING = YES;
				CLANG_WARN_BOOL_CONVERSION = YES;
				CLANG_WARN_COMMA = YES;
				CLANG_WARN_CONSTANT_CONVERSION = YES;
				CLANG_WARN_DEPRECATED_OBJC_IMPLEMENTATIONS = YES;
				CLANG_WARN_DIRECT_OBJC_ISA_USAGE = YES_ERROR;
				CLANG_WARN_DOCUMENTATION_COMMENTS = YES;
				CLANG_WARN_EMPTY_BODY = YES;
				CLANG_WARN_ENUM_CONVERSION = YES;
				CLANG_WARN_INFINITE_RECURSION = YES;
				CLANG_WARN_INT_CONVERSION = YES;
				CLANG_WARN_NON_LITERAL_NULL_CONVERSION = YES;
				CLANG_WARN_OBJC_IMPLICIT_RETAIN_SELF = YES;
				CLANG_WARN_OBJC_LITERAL_CONVERSION = YES;
				CLANG_WARN_OBJC_ROOT_CLASS = YES_ERROR;
				CLANG_WARN_QUOTED_INCLUDE_IN_FRAMEWORK_HEADER = YES;
				CLANG_WARN_RANGE_LOOP_ANALYSIS = YES;
				CLANG_WARN_STRICT_PROTOTYPES = YES;
				CLANG_WARN_SUSPICIOUS_MOVE = YES;
				CLANG_WARN_UNGUARDED_AVAILABILITY = YES_AGGRESSIVE;
				CLANG_WARN_UNREACHABLE_CODE = YES;
				CLANG_WARN__DUPLICATE_METHOD_MATCH = YES;
				COPY_PHASE_STRIP = NO;
				DEBUG_INFORMATION_FORMAT = dwarf;
				ENABLE_STRICT_OBJC_MSGSEND = YES;
				ENABLE_TESTABILITY = YES;
				GCC_C_LANGUAGE_STANDARD = gnu11;
				GCC_DYNAMIC_NO_PIC = NO;
				GCC_NO_COMMON_BLOCKS = YES;
				GCC_OPTIMIZATION_LEVEL = 0;
				GCC_PREPROCESSOR_DEFINITIONS = (
					"DEBUG=1",
					"$(inherited)",
				);
				GCC_WARN_64_TO_32_BIT_CONVERSION = YES;
				GCC_WARN_ABOUT_RETURN_TYPE = YES_ERROR;
				GCC_WARN_UNDECLARED_SELECTOR = YES;
				GCC_WARN_UNINITIALIZED_AUTOS = YES_AGGRESSIVE;
				GCC_WARN_UNUSED_FUNCTION = YES;
				GCC_WARN_UNUSED_VARIABLE = YES;
				IPHONEOS_DEPLOYMENT_TARGET = 14.5;
				MTL_ENABLE_DEBUG_INFO = INCLUDE_SOURCE;
				MTL_FAST_MATH = YES;
				ONLY_ACTIVE_ARCH = YES;
				SDKROOT = iphoneos;
				SWIFT_ACTIVE_COMPILATION_CONDITIONS = DEBUG;
				SWIFT_OPTIMIZATION_LEVEL = "-Onone";
			};
			name = Debug;
		};
		A841C2A6265BD33F00A71B30 /* Release */ = {
			isa = XCBuildConfiguration;
			buildSettings = {
				ALWAYS_SEARCH_USER_PATHS = NO;
				CLANG_ANALYZER_NONNULL = YES;
				CLANG_ANALYZER_NUMBER_OBJECT_CONVERSION = YES_AGGRESSIVE;
				CLANG_CXX_LANGUAGE_STANDARD = "gnu++14";
				CLANG_CXX_LIBRARY = "libc++";
				CLANG_ENABLE_MODULES = YES;
				CLANG_ENABLE_OBJC_ARC = YES;
				CLANG_ENABLE_OBJC_WEAK = YES;
				CLANG_WARN_BLOCK_CAPTURE_AUTORELEASING = YES;
				CLANG_WARN_BOOL_CONVERSION = YES;
				CLANG_WARN_COMMA = YES;
				CLANG_WARN_CONSTANT_CONVERSION = YES;
				CLANG_WARN_DEPRECATED_OBJC_IMPLEMENTATIONS = YES;
				CLANG_WARN_DIRECT_OBJC_ISA_USAGE = YES_ERROR;
				CLANG_WARN_DOCUMENTATION_COMMENTS = YES;
				CLANG_WARN_EMPTY_BODY = YES;
				CLANG_WARN_ENUM_CONVERSION = YES;
				CLANG_WARN_INFINITE_RECURSION = YES;
				CLANG_WARN_INT_CONVERSION = YES;
				CLANG_WARN_NON_LITERAL_NULL_CONVERSION = YES;
				CLANG_WARN_OBJC_IMPLICIT_RETAIN_SELF = YES;
				CLANG_WARN_OBJC_LITERAL_CONVERSION = YES;
				CLANG_WARN_OBJC_ROOT_CLASS = YES_ERROR;
				CLANG_WARN_QUOTED_INCLUDE_IN_FRAMEWORK_HEADER = YES;
				CLANG_WARN_RANGE_LOOP_ANALYSIS = YES;
				CLANG_WARN_STRICT_PROTOTYPES = YES;
				CLANG_WARN_SUSPICIOUS_MOVE = YES;
				CLANG_WARN_UNGUARDED_AVAILABILITY = YES_AGGRESSIVE;
				CLANG_WARN_UNREACHABLE_CODE = YES;
				CLANG_WARN__DUPLICATE_METHOD_MATCH = YES;
				COPY_PHASE_STRIP = NO;
				DEBUG_INFORMATION_FORMAT = "dwarf-with-dsym";
				ENABLE_NS_ASSERTIONS = NO;
				ENABLE_STRICT_OBJC_MSGSEND = YES;
				GCC_C_LANGUAGE_STANDARD = gnu11;
				GCC_NO_COMMON_BLOCKS = YES;
				GCC_WARN_64_TO_32_BIT_CONVERSION = YES;
				GCC_WARN_ABOUT_RETURN_TYPE = YES_ERROR;
				GCC_WARN_UNDECLARED_SELECTOR = YES;
				GCC_WARN_UNINITIALIZED_AUTOS = YES_AGGRESSIVE;
				GCC_WARN_UNUSED_FUNCTION = YES;
				GCC_WARN_UNUSED_VARIABLE = YES;
				IPHONEOS_DEPLOYMENT_TARGET = 14.5;
				MTL_ENABLE_DEBUG_INFO = NO;
				MTL_FAST_MATH = YES;
				SDKROOT = iphoneos;
				SWIFT_COMPILATION_MODE = wholemodule;
				SWIFT_OPTIMIZATION_LEVEL = "-O";
				VALIDATE_PRODUCT = YES;
			};
			name = Release;
		};
		A841C2A8265BD33F00A71B30 /* Debug */ = {
			isa = XCBuildConfiguration;
			buildSettings = {
				ASSETCATALOG_COMPILER_APPICON_NAME = AppIcon;
				ASSETCATALOG_COMPILER_GLOBAL_ACCENT_COLOR_NAME = AccentColor;
				CODE_SIGN_STYLE = Automatic;
				INFOPLIST_FILE = GoodWeather/Info.plist;
				LD_RUNPATH_SEARCH_PATHS = (
					"$(inherited)",
					"@executable_path/Frameworks",
				);
				PRODUCT_BUNDLE_IDENTIFIER = pl.training.GoodWeather;
				PRODUCT_NAME = "$(TARGET_NAME)";
				SWIFT_VERSION = 5.0;
				TARGETED_DEVICE_FAMILY = "1,2";
			};
			name = Debug;
		};
		A841C2A9265BD33F00A71B30 /* Release */ = {
			isa = XCBuildConfiguration;
			buildSettings = {
				ASSETCATALOG_COMPILER_APPICON_NAME = AppIcon;
				ASSETCATALOG_COMPILER_GLOBAL_ACCENT_COLOR_NAME = AccentColor;
				CODE_SIGN_STYLE = Automatic;
				INFOPLIST_FILE = GoodWeather/Info.plist;
				LD_RUNPATH_SEARCH_PATHS = (
					"$(inherited)",
					"@executable_path/Frameworks",
				);
				PRODUCT_BUNDLE_IDENTIFIER = pl.training.GoodWeather;
				PRODUCT_NAME = "$(TARGET_NAME)";
				SWIFT_VERSION = 5.0;
				TARGETED_DEVICE_FAMILY = "1,2";
			};
			name = Release;
		};
		A841C2AB265BD33F00A71B30 /* Debug */ = {
			isa = XCBuildConfiguration;
			buildSettings = {
				ALWAYS_EMBED_SWIFT_STANDARD_LIBRARIES = YES;
				BUNDLE_LOADER = "$(TEST_HOST)";
				CODE_SIGN_STYLE = Automatic;
				INFOPLIST_FILE = GoodWeatherTests/Info.plist;
				IPHONEOS_DEPLOYMENT_TARGET = 14.5;
				LD_RUNPATH_SEARCH_PATHS = (
					"$(inherited)",
					"@executable_path/Frameworks",
					"@loader_path/Frameworks",
				);
				PRODUCT_BUNDLE_IDENTIFIER = pl.training.GoodWeatherTests;
				PRODUCT_NAME = "$(TARGET_NAME)";
				SWIFT_VERSION = 5.0;
				TARGETED_DEVICE_FAMILY = "1,2";
				TEST_HOST = "$(BUILT_PRODUCTS_DIR)/GoodWeather.app/GoodWeather";
			};
			name = Debug;
		};
		A841C2AC265BD33F00A71B30 /* Release */ = {
			isa = XCBuildConfiguration;
			buildSettings = {
				ALWAYS_EMBED_SWIFT_STANDARD_LIBRARIES = YES;
				BUNDLE_LOADER = "$(TEST_HOST)";
				CODE_SIGN_STYLE = Automatic;
				INFOPLIST_FILE = GoodWeatherTests/Info.plist;
				IPHONEOS_DEPLOYMENT_TARGET = 14.5;
				LD_RUNPATH_SEARCH_PATHS = (
					"$(inherited)",
					"@executable_path/Frameworks",
					"@loader_path/Frameworks",
				);
				PRODUCT_BUNDLE_IDENTIFIER = pl.training.GoodWeatherTests;
				PRODUCT_NAME = "$(TARGET_NAME)";
				SWIFT_VERSION = 5.0;
				TARGETED_DEVICE_FAMILY = "1,2";
				TEST_HOST = "$(BUILT_PRODUCTS_DIR)/GoodWeather.app/GoodWeather";
			};
			name = Release;
		};
		A841C2AE265BD33F00A71B30 /* Debug */ = {
			isa = XCBuildConfiguration;
			buildSettings = {
				ALWAYS_EMBED_SWIFT_STANDARD_LIBRARIES = YES;
				CODE_SIGN_STYLE = Automatic;
				INFOPLIST_FILE = GoodWeatherUITests/Info.plist;
				LD_RUNPATH_SEARCH_PATHS = (
					"$(inherited)",
					"@executable_path/Frameworks",
					"@loader_path/Frameworks",
				);
				PRODUCT_BUNDLE_IDENTIFIER = pl.training.GoodWeatherUITests;
				PRODUCT_NAME = "$(TARGET_NAME)";
				SWIFT_VERSION = 5.0;
				TARGETED_DEVICE_FAMILY = "1,2";
				TEST_TARGET_NAME = GoodWeather;
			};
			name = Debug;
		};
		A841C2AF265BD33F00A71B30 /* Release */ = {
			isa = XCBuildConfiguration;
			buildSettings = {
				ALWAYS_EMBED_SWIFT_STANDARD_LIBRARIES = YES;
				CODE_SIGN_STYLE = Automatic;
				INFOPLIST_FILE = GoodWeatherUITests/Info.plist;
				LD_RUNPATH_SEARCH_PATHS = (
					"$(inherited)",
					"@executable_path/Frameworks",
					"@loader_path/Frameworks",
				);
				PRODUCT_BUNDLE_IDENTIFIER = pl.training.GoodWeatherUITests;
				PRODUCT_NAME = "$(TARGET_NAME)";
				SWIFT_VERSION = 5.0;
				TARGETED_DEVICE_FAMILY = "1,2";
				TEST_TARGET_NAME = GoodWeather;
			};
			name = Release;
		};
/* End XCBuildConfiguration section */

/* Begin XCConfigurationList section */
		A841C278265BD33C00A71B30 /* Build configuration list for PBXProject "GoodWeather" */ = {
			isa = XCConfigurationList;
			buildConfigurations = (
				A841C2A5265BD33F00A71B30 /* Debug */,
				A841C2A6265BD33F00A71B30 /* Release */,
			);
			defaultConfigurationIsVisible = 0;
			defaultConfigurationName = Release;
		};
		A841C2A7265BD33F00A71B30 /* Build configuration list for PBXNativeTarget "GoodWeather" */ = {
			isa = XCConfigurationList;
			buildConfigurations = (
				A841C2A8265BD33F00A71B30 /* Debug */,
				A841C2A9265BD33F00A71B30 /* Release */,
			);
			defaultConfigurationIsVisible = 0;
			defaultConfigurationName = Release;
		};
		A841C2AA265BD33F00A71B30 /* Build configuration list for PBXNativeTarget "GoodWeatherTests" */ = {
			isa = XCConfigurationList;
			buildConfigurations = (
				A841C2AB265BD33F00A71B30 /* Debug */,
				A841C2AC265BD33F00A71B30 /* Release */,
			);
			defaultConfigurationIsVisible = 0;
			defaultConfigurationName = Release;
		};
		A841C2AD265BD33F00A71B30 /* Build configuration list for PBXNativeTarget "GoodWeatherUITests" */ = {
			isa = XCConfigurationList;
			buildConfigurations = (
				A841C2AE265BD33F00A71B30 /* Debug */,
				A841C2AF265BD33F00A71B30 /* Release */,
			);
			defaultConfigurationIsVisible = 0;
			defaultConfigurationName = Release;
		};
/* End XCConfigurationList section */
	};
	rootObject = A841C275265BD33C00A71B30 /* Project object */;
}
